
Microsoft Visual Studio Solution File, Format Version 12.00
# Visual Studio 15
VisualStudioVersion = 15.0.28307.489
MinimumVisualStudioVersion = 10.0.40219.1
Project("{FAE04EC0-301F-11D3-BF4B-00C04F79EFBC}") = "ClosedXMLLibrary", "ClosedXMLLibrary\ClosedXMLLibrary.csproj", "{DF515B13-96DB-43AF-A6ED-ECC527F0A3C0}"
EndProject
Global
	GlobalSection(SolutionConfigurationPlatforms) = preSolution
		Debug|Any CPU = Debug|Any CPU
		Release|Any CPU = Release|Any CPU
	EndGlobalSection
	GlobalSection(ProjectConfigurationPlatforms) = postSolution
		{DF515B13-96DB-43AF-A6ED-ECC527F0A3C0}.Debug|Any CPU.ActiveCfg = Debug|Any CPU
		{DF515B13-96DB-43AF-A6ED-ECC527F0A3C0}.Debug|Any CPU.Build.0 = Debug|Any CPU
		{DF515B13-96DB-43AF-A6ED-ECC527F0A3C0}.Release|Any CPU.ActiveCfg = Release|Any CPU
		{DF515B13-96DB-43AF-A6ED-ECC527F0A3C0}.Release|Any CPU.Build.0 = Release|Any CPU
	EndGlobalSection
	GlobalSection(SolutionProperties) = preSolution
		HideSolutionNode = FALSE
	EndGlobalSection
	GlobalSection(ExtensibilityGlobals) = postSolution
		SolutionGuid = {0EB95122-B9A6-4BFD-B866-FDFB1D06B08B}
	EndGlobalSection
EndGlobal
